// !$*UTF8*$!
{
	archiveVersion = 1;
	classes = {
	};
	objectVersion = 70;
	objects = {

/* Begin PBXBuildFile section */
		3C3BC38C822A6C86CDA07196 /* LeeoKit in Frameworks */ = {isa = PBXBuildFile; productRef = 6EDA9A655C6050BC5BBD4DC5 /* LeeoKit */; };
		581D87122F48C84000F2F032 /* WidgetKit.framework in Frameworks */ = {isa = PBXBuildFile; fileRef = 581D87112F48C84000F2F032 /* WidgetKit.framework */; };
		581D87142F48C84000F2F032 /* SwiftUI.framework in Frameworks */ = {isa = PBXBuildFile; fileRef = 581D87132F48C84000F2F032 /* SwiftUI.framework */; };
		581D87252F48C84100F2F032 /* widgetExtension.appex in Embed Foundation Extensions */ = {isa = PBXBuildFile; fileRef = 581D870F2F48C84000F2F032 /* widgetExtension.appex */; settings = {ATTRIBUTES = (RemoveHeadersOnCopy, ); }; };
		8476A81D165EA4ED052F090A /* ThinkFlowSpec.swift in Sources */ = {isa = PBXBuildFile; fileRef = 7710FDDCE1EE27579F312781 /* ThinkFlowSpec.swift */; };
		A10001 /* ThinkFlowApp.swift in Sources */ = {isa = PBXBuildFile; fileRef = A20001 /* ThinkFlowApp.swift */; };
		A10002 /* ThoughtThread.swift in Sources */ = {isa = PBXBuildFile; fileRef = A20002 /* ThoughtThread.swift */; };
		A10003 /* ThoughtStore.swift in Sources */ = {isa = PBXBuildFile; fileRef = A20003 /* ThoughtStore.swift */; };
		A10004 /* HomeView.swift in Sources */ = {isa = PBXBuildFile; fileRef = A20004 /* HomeView.swift */; };
		A10005 /* ThreadDetailView.swift in Sources */ = {isa = PBXBuildFile; fileRef = A20005 /* ThreadDetailView.swift */; };
		A10007 /* ContinueThinkingSheet.swift in Sources */ = {isa = PBXBuildFile; fileRef = A20007 /* ContinueThinkingSheet.swift */; };
		A10008 /* Assets.xcassets in Resources */ = {isa = PBXBuildFile; fileRef = A20008 /* Assets.xcassets */; };
		A10009 /* ThreadCardView.swift in Sources */ = {isa = PBXBuildFile; fileRef = A20009 /* ThreadCardView.swift */; };
		A10010 /* EntryRowView.swift in Sources */ = {isa = PBXBuildFile; fileRef = A20010 /* EntryRowView.swift */; };
		A10011 /* BridgeEditorView.swift in Sources */ = {isa = PBXBuildFile; fileRef = A20011 /* BridgeEditorView.swift */; };
		A10012 /* BrainDumpSheet.swift in Sources */ = {isa = PBXBuildFile; fileRef = A20012 /* BrainDumpSheet.swift */; };
		A10013 /* LayerBadge.swift in Sources */ = {isa = PBXBuildFile; fileRef = A20013 /* LayerBadge.swift */; };
		A10014 /* PrivacyInfo.xcprivacy in Resources */ = {isa = PBXBuildFile; fileRef = A20014 /* PrivacyInfo.xcprivacy */; };
		A10015 /* ThinkingSessionAttributes.swift in Sources */ = {isa = PBXBuildFile; fileRef = A20015 /* ThinkingSessionAttributes.swift */; };
		A10016 /* SessionActivityController.swift in Sources */ = {isa = PBXBuildFile; fileRef = A20016 /* SessionActivityController.swift */; };
		A10017 /* ThoughtExporter.swift in Sources */ = {isa = PBXBuildFile; fileRef = A20017 /* ThoughtExporter.swift */; };
		A10018 /* CrashDiagnostics.swift in Sources */ = {isa = PBXBuildFile; fileRef = A20018 /* CrashDiagnostics.swift */; };
		B10001 /* ThoughtThread.swift in Sources */ = {isa = PBXBuildFile; fileRef = A20002 /* ThoughtThread.swift */; };
		B10002 /* LayerBadge.swift in Sources */ = {isa = PBXBuildFile; fileRef = A20013 /* LayerBadge.swift */; };
		B10003 /* ThinkingSessionAttributes.swift in Sources */ = {isa = PBXBuildFile; fileRef = A20015 /* ThinkingSessionAttributes.swift */; };
/* End PBXBuildFile section */

/* Begin PBXContainerItemProxy section */
		581D87232F48C84100F2F032 /* PBXContainerItemProxy */ = {
			isa = PBXContainerItemProxy;
			containerPortal = A60002 /* Project object */;
			proxyType = 1;
			remoteGlobalIDString = 581D870E2F48C84000F2F032;
			remoteInfo = widgetExtension;
		};
		C50002 /* PBXContainerItemProxy */ = {
			isa = PBXContainerItemProxy;
			containerPortal = A60002 /* Project object */;
			proxyType = 1;
			remoteGlobalIDString = A60001;
			remoteInfo = ThinkFlow;
		};
/* End PBXContainerItemProxy section */

/* Begin PBXCopyFilesBuildPhase section */
		581D872A2F48C84100F2F032 /* Embed Foundation Extensions */ = {
			isa = PBXCopyFilesBuildPhase;
			buildActionMask = 2147483647;
			dstPath = "";
			dstSubfolderSpec = 13;
			files = (
				581D87252F48C84100F2F032 /* widgetExtension.appex in Embed Foundation Extensions */,
			);
			name = "Embed Foundation Extensions";
			runOnlyForDeploymentPostprocessing = 0;
		};
/* End PBXCopyFilesBuildPhase section */

/* Begin PBXFileReference section */
		581D870F2F48C84000F2F032 /* widgetExtension.appex */ = {isa = PBXFileReference; explicitFileType = "wrapper.app-extension"; includeInIndex = 0; path = widgetExtension.appex; sourceTree = BUILT_PRODUCTS_DIR; };
		581D87112F48C84000F2F032 /* WidgetKit.framework */ = {isa = PBXFileReference; lastKnownFileType = wrapper.framework; name = WidgetKit.framework; path = System/Library/Frameworks/WidgetKit.framework; sourceTree = SDKROOT; };
		581D87132F48C84000F2F032 /* SwiftUI.framework */ = {isa = PBXFileReference; lastKnownFileType = wrapper.framework; name = SwiftUI.framework; path = System/Library/Frameworks/SwiftUI.framework; sourceTree = SDKROOT; };
		7710FDDCE1EE27579F312781 /* ThinkFlowSpec.swift */ = {isa = PBXFileReference; includeInIndex = 1; lastKnownFileType = sourcecode.swift; path = ThinkFlowSpec.swift; sourceTree = "<group>"; };
		A20001 /* ThinkFlowApp.swift */ = {isa = PBXFileReference; lastKnownFileType = sourcecode.swift; path = ThinkFlowApp.swift; sourceTree = "<group>"; };
		A20002 /* ThoughtThread.swift */ = {isa = PBXFileReference; lastKnownFileType = sourcecode.swift; path = ThoughtThread.swift; sourceTree = "<group>"; };
		A20003 /* ThoughtStore.swift */ = {isa = PBXFileReference; lastKnownFileType = sourcecode.swift; path = ThoughtStore.swift; sourceTree = "<group>"; };
		A20004 /* HomeView.swift */ = {isa = PBXFileReference; lastKnownFileType = sourcecode.swift; path = HomeView.swift; sourceTree = "<group>"; };
		A20005 /* ThreadDetailView.swift */ = {isa = PBXFileReference; lastKnownFileType = sourcecode.swift; path = ThreadDetailView.swift; sourceTree = "<group>"; };
		A20007 /* ContinueThinkingSheet.swift */ = {isa = PBXFileReference; lastKnownFileType = sourcecode.swift; path = ContinueThinkingSheet.swift; sourceTree = "<group>"; };
		A20008 /* Assets.xcassets */ = {isa = PBXFileReference; lastKnownFileType = folder.assetcatalog; path = Assets.xcassets; sourceTree = "<group>"; };
		A20009 /* ThreadCardView.swift */ = {isa = PBXFileReference; lastKnownFileType = sourcecode.swift; path = ThreadCardView.swift; sourceTree = "<group>"; };
		A20010 /* EntryRowView.swift */ = {isa = PBXFileReference; lastKnownFileType = sourcecode.swift; path = EntryRowView.swift; sourceTree = "<group>"; };
		A20011 /* BridgeEditorView.swift */ = {isa = PBXFileReference; lastKnownFileType = sourcecode.swift; path = BridgeEditorView.swift; sourceTree = "<group>"; };
		A20012 /* BrainDumpSheet.swift */ = {isa = PBXFileReference; lastKnownFileType = sourcecode.swift; path = BrainDumpSheet.swift; sourceTree = "<group>"; };
		A20013 /* LayerBadge.swift */ = {isa = PBXFileReference; lastKnownFileType = sourcecode.swift; path = LayerBadge.swift; sourceTree = "<group>"; };
		A20014 /* PrivacyInfo.xcprivacy */ = {isa = PBXFileReference; lastKnownFileType = text.xml; path = PrivacyInfo.xcprivacy; sourceTree = "<group>"; };
		A20015 /* ThinkingSessionAttributes.swift */ = {isa = PBXFileReference; lastKnownFileType = sourcecode.swift; path = ThinkingSessionAttributes.swift; sourceTree = "<group>"; };
		A20016 /* SessionActivityController.swift */ = {isa = PBXFileReference; lastKnownFileType = sourcecode.swift; path = SessionActivityController.swift; sourceTree = "<group>"; };
		A20017 /* ThoughtExporter.swift */ = {isa = PBXFileReference; lastKnownFileType = sourcecode.swift; path = ThoughtExporter.swift; sourceTree = "<group>"; };
		A20018 /* CrashDiagnostics.swift */ = {isa = PBXFileReference; lastKnownFileType = sourcecode.swift; path = CrashDiagnostics.swift; sourceTree = "<group>"; };
		A20019 /* ThinkFlow.entitlements */ = {isa = PBXFileReference; lastKnownFileType = text.plist.entitlements; path = ThinkFlow.entitlements; sourceTree = "<group>"; };
		A20020 /* Info.plist */ = {isa = PBXFileReference; lastKnownFileType = text.plist.xml; path = Info.plist; sourceTree = "<group>"; };
		A30001 /* ThinkFlow.app */ = {isa = PBXFileReference; explicitFileType = wrapper.application; includeInIndex = 0; path = ThinkFlow.app; sourceTree = BUILT_PRODUCTS_DIR; };
		A30002 /* ThinkFlowTests.xctest */ = {isa = PBXFileReference; explicitFileType = wrapper.cfbundle; includeInIndex = 0; path = ThinkFlowTests.xctest; sourceTree = BUILT_PRODUCTS_DIR; };
/* End PBXFileReference section */

/* Begin PBXFileSystemSynchronizedBuildFileExceptionSet section */
		581D87262F48C84100F2F032 /* Exceptions for "widget" folder in "widgetExtension" target */ = {
			isa = PBXFileSystemSynchronizedBuildFileExceptionSet;
			membershipExceptions = (
				Info.plist,
				widget.entitlements,
			);
			target = 581D870E2F48C84000F2F032 /* widgetExtension */;
		};
/* End PBXFileSystemSynchronizedBuildFileExceptionSet section */

/* Begin PBXFileSystemSynchronizedRootGroup section */
		581D87152F48C84000F2F032 /* widget */ = {
			isa = PBXFileSystemSynchronizedRootGroup;
			exceptions = (
				581D87262F48C84100F2F032 /* Exceptions for "widget" folder in "widgetExtension" target */,
			);
			explicitFileTypes = {
			};
			explicitFolders = (
			);
			path = widget;
			sourceTree = "<group>";
		};
		C10001 /* ThinkFlowTests */ = {
			isa = PBXFileSystemSynchronizedRootGroup;
			exceptions = (
			);
			explicitFileTypes = {
			};
			explicitFolders = (
			);
			path = ThinkFlowTests;
			sourceTree = "<group>";
		};
/* End PBXFileSystemSynchronizedRootGroup section */

/* Begin PBXFrameworksBuildPhase section */
		581D870C2F48C84000F2F032 /* Frameworks */ = {
			isa = PBXFrameworksBuildPhase;
			buildActionMask = 2147483647;
			files = (
				581D87142F48C84000F2F032 /* SwiftUI.framework in Frameworks */,
				581D87122F48C84000F2F032 /* WidgetKit.framework in Frameworks */,
			);
			runOnlyForDeploymentPostprocessing = 0;
		};
		A40001 /* Frameworks */ = {
			isa = PBXFrameworksBuildPhase;
			buildActionMask = 2147483647;
			files = (
				3C3BC38C822A6C86CDA07196 /* LeeoKit in Frameworks */,
			);
			runOnlyForDeploymentPostprocessing = 0;
		};
		C40002 /* Frameworks */ = {
			isa = PBXFrameworksBuildPhase;
			buildActionMask = 2147483647;
			files = (
			);
			runOnlyForDeploymentPostprocessing = 0;
		};
/* End PBXFrameworksBuildPhase section */

/* Begin PBXGroup section */
		581D87102F48C84000F2F032 /* Frameworks */ = {
			isa = PBXGroup;
			children = (
				581D87112F48C84000F2F032 /* WidgetKit.framework */,
				581D87132F48C84000F2F032 /* SwiftUI.framework */,
			);
			name = Frameworks;
			sourceTree = "<group>";
		};
		A50001 = {
			isa = PBXGroup;
			children = (
				A50002 /* ThinkFlow */,
				581D87152F48C84000F2F032 /* widget */,
				C10001 /* ThinkFlowTests */,
				581D87102F48C84000F2F032 /* Frameworks */,
				A50005 /* Products */,
			);
			sourceTree = "<group>";
		};
		A50002 /* ThinkFlow */ = {
			isa = PBXGroup;
			children = (
				A20001 /* ThinkFlowApp.swift */,
				A50003 /* Models */,
				A50004 /* Views */,
				A20008 /* Assets.xcassets */,
				A20014 /* PrivacyInfo.xcprivacy */,
				A20019 /* ThinkFlow.entitlements */,
				A20020 /* Info.plist */,
				7710FDDCE1EE27579F312781 /* ThinkFlowSpec.swift */,
			);
			path = ThinkFlow;
			sourceTree = "<group>";
		};
		A50003 /* Models */ = {
			isa = PBXGroup;
			children = (
				A20002 /* ThoughtThread.swift */,
				A20003 /* ThoughtStore.swift */,
				A20015 /* ThinkingSessionAttributes.swift */,
				A20016 /* SessionActivityController.swift */,
				A20017 /* ThoughtExporter.swift */,
				A20018 /* CrashDiagnostics.swift */,
			);
			path = Models;
			sourceTree = "<group>";
		};
		A50004 /* Views */ = {
			isa = PBXGroup;
			children = (
				A20004 /* HomeView.swift */,
				A20005 /* ThreadDetailView.swift */,
				A20007 /* ContinueThinkingSheet.swift */,
				A20009 /* ThreadCardView.swift */,
				A20010 /* EntryRowView.swift */,
				A20011 /* BridgeEditorView.swift */,
				A20012 /* BrainDumpSheet.swift */,
				A20013 /* LayerBadge.swift */,
			);
			path = Views;
			sourceTree = "<group>";
		};
		A50005 /* Products */ = {
			isa = PBXGroup;
			children = (
				A30001 /* ThinkFlow.app */,
				581D870F2F48C84000F2F032 /* widgetExtension.appex */,
				A30002 /* ThinkFlowTests.xctest */,
			);
			name = Products;
			sourceTree = "<group>";
		};
/* End PBXGroup section */

/* Begin PBXNativeTarget section */
		581D870E2F48C84000F2F032 /* widgetExtension */ = {
			isa = PBXNativeTarget;
			buildConfigurationList = 581D87272F48C84100F2F032 /* Build configuration list for PBXNativeTarget "widgetExtension" */;
			buildPhases = (
				581D870B2F48C84000F2F032 /* Sources */,
				581D870C2F48C84000F2F032 /* Frameworks */,
				581D870D2F48C84000F2F032 /* Resources */,
			);
			buildRules = (
			);
			dependencies = (
			);
			fileSystemSynchronizedGroups = (
				581D87152F48C84000F2F032 /* widget */,
			);
			name = widgetExtension;
			productName = widgetExtension;
			productReference = 581D870F2F48C84000F2F032 /* widgetExtension.appex */;
			productType = "com.apple.product-type.app-extension";
		};
		A60001 /* ThinkFlow */ = {
			isa = PBXNativeTarget;
			buildConfigurationList = A80002 /* Build configuration list for PBXNativeTarget "ThinkFlow" */;
			buildPhases = (
				A70001 /* Sources */,
				A40001 /* Frameworks */,
				A70002 /* Resources */,
				581D872A2F48C84100F2F032 /* Embed Foundation Extensions */,
			);
			buildRules = (
			);
			dependencies = (
				581D87242F48C84100F2F032 /* PBXTargetDependency */,
			);
			name = ThinkFlow;
			packageProductDependencies = (
				6EDA9A655C6050BC5BBD4DC5 /* LeeoKit */,
			);
			productName = ThinkFlow;
			productReference = A30001 /* ThinkFlow.app */;
			productType = "com.apple.product-type.application";
		};
		C20001 /* ThinkFlowTests */ = {
			isa = PBXNativeTarget;
			buildConfigurationList = C30001 /* Build configuration list for PBXNativeTarget "ThinkFlowTests" */;
			buildPhases = (
				C40001 /* Sources */,
				C40002 /* Frameworks */,
				C40003 /* Resources */,
			);
			buildRules = (
			);
			dependencies = (
				C50001 /* PBXTargetDependency */,
			);
			fileSystemSynchronizedGroups = (
				C10001 /* ThinkFlowTests */,
			);
			name = ThinkFlowTests;
			productName = ThinkFlowTests;
			productReference = A30002 /* ThinkFlowTests.xctest */;
			productType = "com.apple.product-type.bundle.unit-test";
		};
/* End PBXNativeTarget section */

/* Begin PBXProject section */
		A60002 /* Project object */ = {
			isa = PBXProject;
			attributes = {
				BuildIndependentTargetsInParallel = 1;
				LastSwiftUpdateCheck = 2600;
				LastUpgradeCheck = 1600;
				TargetAttributes = {
					581D870E2F48C84000F2F032 = {
						CreatedOnToolsVersion = 26.0;
					};
					A60001 = {
						CreatedOnToolsVersion = 16.0;
					};
					C20001 = {
						CreatedOnToolsVersion = 16.0;
						TestTargetID = A60001;
					};
				};
			};
			buildConfigurationList = A80001 /* Build configuration list for PBXProject "ThinkFlow" */;
			compatibilityVersion = "Xcode 14.0";
			developmentRegion = ko;
			hasScannedForEncodings = 0;
			knownRegions = (
				en,
				ko,
				Base,
			);
			mainGroup = A50001;
			packageReferences = (
				8879F15D0471109BF9AABFBD /* XCLocalSwiftPackageReference "LeeoKit" */,
			);
			productRefGroup = A50005 /* Products */;
			projectDirPath = "";
			projectRoot = "";
			targets = (
				A60001 /* ThinkFlow */,
				581D870E2F48C84000F2F032 /* widgetExtension */,
				C20001 /* ThinkFlowTests */,
			);
		};
/* End PBXProject section */

/* Begin PBXResourcesBuildPhase section */
		581D870D2F48C84000F2F032 /* Resources */ = {
			isa = PBXResourcesBuildPhase;
			buildActionMask = 2147483647;
			files = (
			);
			runOnlyForDeploymentPostprocessing = 0;
		};
		A70002 /* Resources */ = {
			isa = PBXResourcesBuildPhase;
			buildActionMask = 2147483647;
			files = (
				A10008 /* Assets.xcassets in Resources */,
				A10014 /* PrivacyInfo.xcprivacy in Resources */,
			);
			runOnlyForDeploymentPostprocessing = 0;
		};
		C40003 /* Resources */ = {
			isa = PBXResourcesBuildPhase;
			buildActionMask = 2147483647;
			files = (
			);
			runOnlyForDeploymentPostprocessing = 0;
		};
/* End PBXResourcesBuildPhase section */

/* Begin PBXSourcesBuildPhase section */
		581D870B2F48C84000F2F032 /* Sources */ = {
			isa = PBXSourcesBuildPhase;
			buildActionMask = 2147483647;
			files = (
				B10001 /* ThoughtThread.swift in Sources */,
				B10002 /* LayerBadge.swift in Sources */,
				B10003 /* ThinkingSessionAttributes.swift in Sources */,
			);
			runOnlyForDeploymentPostprocessing = 0;
		};
		A70001 /* Sources */ = {
			isa = PBXSourcesBuildPhase;
			buildActionMask = 2147483647;
			files = (
				A10001 /* ThinkFlowApp.swift in Sources */,
				A10002 /* ThoughtThread.swift in Sources */,
				A10003 /* ThoughtStore.swift in Sources */,
				A10015 /* ThinkingSessionAttributes.swift in Sources */,
				A10016 /* SessionActivityController.swift in Sources */,
				A10017 /* ThoughtExporter.swift in Sources */,
				A10018 /* CrashDiagnostics.swift in Sources */,
				A10004 /* HomeView.swift in Sources */,
				A10005 /* ThreadDetailView.swift in Sources */,
				A10007 /* ContinueThinkingSheet.swift in Sources */,
				A10009 /* ThreadCardView.swift in Sources */,
				A10010 /* EntryRowView.swift in Sources */,
				A10011 /* BridgeEditorView.swift in Sources */,
				A10012 /* BrainDumpSheet.swift in Sources */,
				A10013 /* LayerBadge.swift in Sources */,
				8476A81D165EA4ED052F090A /* ThinkFlowSpec.swift in Sources */,
			);
			runOnlyForDeploymentPostprocessing = 0;
		};
		C40001 /* Sources */ = {
			isa = PBXSourcesBuildPhase;
			buildActionMask = 2147483647;
			files = (
			);
			runOnlyForDeploymentPostprocessing = 0;
		};
/* End PBXSourcesBuildPhase section */

/* Begin PBXTargetDependency section */
		581D87242F48C84100F2F032 /* PBXTargetDependency */ = {
			isa = PBXTargetDependency;
			target = 581D870E2F48C84000F2F032 /* widgetExtension */;
			targetProxy = 581D87232F48C84100F2F032 /* PBXContainerItemProxy */;
		};
		C50001 /* PBXTargetDependency */ = {
			isa = PBXTargetDependency;
			target = A60001 /* ThinkFlow */;
			targetProxy = C50002 /* PBXContainerItemProxy */;
		};
/* End PBXTargetDependency section */

/* Begin XCBuildConfiguration section */
		581D87282F48C84100F2F032 /* Debug */ = {
			isa = XCBuildConfiguration;
			buildSettings = {
				ASSETCATALOG_COMPILER_GLOBAL_ACCENT_COLOR_NAME = AccentColor;
				ASSETCATALOG_COMPILER_WIDGET_BACKGROUND_COLOR_NAME = WidgetBackground;
				CLANG_ANALYZER_NUMBER_OBJECT_CONVERSION = YES_AGGRESSIVE;
				CLANG_ENABLE_OBJC_WEAK = YES;
				CLANG_WARN_BLOCK_CAPTURE_AUTORELEASING = YES;
				CLANG_WARN_BOOL_CONVERSION = YES;
				CLANG_WARN_COMMA = YES;
				CLANG_WARN_CONSTANT_CONVERSION = YES;
				CLANG_WARN_DEPRECATED_OBJC_IMPLEMENTATIONS = YES;
				CLANG_WARN_DIRECT_OBJC_ISA_USAGE = YES_ERROR;
				CLANG_WARN_DOCUMENTATION_COMMENTS = YES;
				CLANG_WARN_EMPTY_BODY = YES;
				CLANG_WARN_ENUM_CONVERSION = YES;
				CLANG_WARN_INFINITE_RECURSION = YES;
				CLANG_WARN_INT_CONVERSION = YES;
				CLANG_WARN_NON_LITERAL_NULL_CONVERSION = YES;
				CLANG_WARN_OBJC_IMPLICIT_RETAIN_SELF = YES;
				CLANG_WARN_OBJC_LITERAL_CONVERSION = YES;
				CLANG_WARN_OBJC_ROOT_CLASS = YES_ERROR;
				CLANG_WARN_QUOTED_INCLUDE_IN_FRAMEWORK_HEADER = YES;
				CLANG_WARN_RANGE_LOOP_ANALYSIS = YES;
				CLANG_WARN_STRICT_PROTOTYPES = YES;
				CLANG_WARN_SUSPICIOUS_MOVE = YES;
				CLANG_WARN_UNGUARDED_AVAILABILITY = YES_AGGRESSIVE;
				CLANG_WARN_UNREACHABLE_CODE = YES;
				CLANG_WARN__DUPLICATE_METHOD_MATCH = YES;
				CODE_SIGN_ENTITLEMENTS = widget/widget.entitlements;
				CODE_SIGN_STYLE = Automatic;
				CURRENT_PROJECT_VERSION = 1;
				DEVELOPMENT_TEAM = QGAQ3AY3R3;
				ENABLE_USER_SCRIPT_SANDBOXING = YES;
				GCC_C_LANGUAGE_STANDARD = gnu17;
				GCC_NO_COMMON_BLOCKS = YES;
				GCC_WARN_64_TO_32_BIT_CONVERSION = YES;
				GCC_WARN_UNDECLARED_SELECTOR = YES;
				GCC_WARN_UNUSED_FUNCTION = YES;
				GCC_WARN_UNUSED_VARIABLE = YES;
				GENERATE_INFOPLIST_FILE = YES;
				INFOPLIST_FILE = widget/Info.plist;
				INFOPLIST_KEY_CFBundleDisplayName = widget;
				INFOPLIST_KEY_NSHumanReadableCopyright = "";
				IPHONEOS_DEPLOYMENT_TARGET = 17.0;
				LD_RUNPATH_SEARCH_PATHS = (
					"$(inherited)",
					"@executable_path/Frameworks",
					"@executable_path/../../Frameworks",
				);
				LOCALIZATION_PREFERS_STRING_CATALOGS = YES;
				MARKETING_VERSION = 1.0;
				MTL_FAST_MATH = YES;
				PRODUCT_BUNDLE_IDENTIFIER = com.leeo.thinkflow.widget;
				PRODUCT_NAME = "$(TARGET_NAME)";
				SKIP_INSTALL = YES;
				STRING_CATALOG_GENERATE_SYMBOLS = YES;
				SWIFT_ACTIVE_COMPILATION_CONDITIONS = "DEBUG $(inherited)";
				SWIFT_APPROACHABLE_CONCURRENCY = YES;
				SWIFT_EMIT_LOC_STRINGS = YES;
				SWIFT_UPCOMING_FEATURE_MEMBER_IMPORT_VISIBILITY = YES;
				SWIFT_VERSION = 5.0;
				TARGETED_DEVICE_FAMILY = "1,2";
			};
			name = Debug;
		};
		581D87292F48C84100F2F032 /* Release */ = {
			isa = XCBuildConfiguration;
			buildSettings = {
				ASSETCATALOG_COMPILER_GLOBAL_ACCENT_COLOR_NAME = AccentColor;
				ASSETCATALOG_COMPILER_WIDGET_BACKGROUND_COLOR_NAME = WidgetBackground;
				CLANG_ANALYZER_NUMBER_OBJECT_CONVERSION = YES_AGGRESSIVE;
				CLANG_ENABLE_OBJC_WEAK = YES;
				CLANG_WARN_BLOCK_CAPTURE_AUTORELEASING = YES;
				CLANG_WARN_BOOL_CONVERSION = YES;
				CLANG_WARN_COMMA = YES;
				CLANG_WARN_CONSTANT_CONVERSION = YES;
				CLANG_WARN_DEPRECATED_OBJC_IMPLEMENTATIONS = YES;
				CLANG_WARN_DIRECT_OBJC_ISA_USAGE = YES_ERROR;
				CLANG_WARN_DOCUMENTATION_COMMENTS = YES;
				CLANG_WARN_EMPTY_BODY = YES;
				CLANG_WARN_ENUM_CONVERSION = YES;
				CLANG_WARN_INFINITE_RECURSION = YES;
				CLANG_WARN_INT_CONVERSION = YES;
				CLANG_WARN_NON_LITERAL_NULL_CONVERSION = YES;
				CLANG_WARN_OBJC_IMPLICIT_RETAIN_SELF = YES;
				CLANG_WARN_OBJC_LITERAL_CONVERSION = YES;
				CLANG_WARN_OBJC_ROOT_CLASS = YES_ERROR;
				CLANG_WARN_QUOTED_INCLUDE_IN_FRAMEWORK_HEADER = YES;
				CLANG_WARN_RANGE_LOOP_ANALYSIS = YES;
				CLANG_WARN_STRICT_PROTOTYPES = YES;
				CLANG_WARN_SUSPICIOUS_MOVE = YES;
				CLANG_WARN_UNGUARDED_AVAILABILITY = YES_AGGRESSIVE;
				CLANG_WARN_UNREACHABLE_CODE = YES;
				CLANG_WARN__DUPLICATE_METHOD_MATCH = YES;
				CODE_SIGN_ENTITLEMENTS = widget/widget.entitlements;
				CODE_SIGN_STYLE = Automatic;
				CURRENT_PROJECT_VERSION = 1;
				DEVELOPMENT_TEAM = QGAQ3AY3R3;
				ENABLE_USER_SCRIPT_SANDBOXING = YES;
				GCC_C_LANGUAGE_STANDARD = gnu17;
				GCC_NO_COMMON_BLOCKS = YES;
				GCC_WARN_64_TO_32_BIT_CONVERSION = YES;
				GCC_WARN_UNDECLARED_SELECTOR = YES;
				GCC_WARN_UNUSED_FUNCTION = YES;
				GCC_WARN_UNUSED_VARIABLE = YES;
				GENERATE_INFOPLIST_FILE = YES;
				INFOPLIST_FILE = widget/Info.plist;
				INFOPLIST_KEY_CFBundleDisplayName = widget;
				INFOPLIST_KEY_NSHumanReadableCopyright = "";
				IPHONEOS_DEPLOYMENT_TARGET = 17.0;
				LD_RUNPATH_SEARCH_PATHS = (
					"$(inherited)",
					"@executable_path/Frameworks",
					"@executable_path/../../Frameworks",
				);
				LOCALIZATION_PREFERS_STRING_CATALOGS = YES;
				MARKETING_VERSION = 1.0;
				MTL_FAST_MATH = YES;
				PRODUCT_BUNDLE_IDENTIFIER = com.leeo.thinkflow.widget;
				PRODUCT_NAME = "$(TARGET_NAME)";
				SKIP_INSTALL = YES;
				STRING_CATALOG_GENERATE_SYMBOLS = YES;
				SWIFT_APPROACHABLE_CONCURRENCY = YES;
				SWIFT_EMIT_LOC_STRINGS = YES;
				SWIFT_UPCOMING_FEATURE_MEMBER_IMPORT_VISIBILITY = YES;
				SWIFT_VERSION = 5.0;
				TARGETED_DEVICE_FAMILY = "1,2";
			};
			name = Release;
		};
		A80003 /* Debug */ = {
			isa = XCBuildConfiguration;
			buildSettings = {
				ALWAYS_SEARCH_USER_PATHS = NO;
				ASSETCATALOG_COMPILER_GENERATE_SWIFT_ASSET_SYMBOL_EXTENSIONS = YES;
				CLANG_ANALYZER_NONNULL = YES;
				CLANG_CXX_LANGUAGE_STANDARD = "gnu++20";
				CLANG_ENABLE_MODULES = YES;
				CLANG_ENABLE_OBJC_ARC = YES;
				COPY_PHASE_STRIP = NO;
				DEBUG_INFORMATION_FORMAT = dwarf;
				ENABLE_STRICT_OBJC_MSGSEND = YES;
				ENABLE_TESTABILITY = YES;
				GCC_DYNAMIC_NO_PIC = NO;
				GCC_OPTIMIZATION_LEVEL = 0;
				GCC_PREPROCESSOR_DEFINITIONS = (
					"DEBUG=1",
					"$(inherited)",
				);
				GCC_WARN_ABOUT_RETURN_TYPE = YES_ERROR;
				GCC_WARN_UNINITIALIZED_AUTOS = YES_AGGRESSIVE;
				IPHONEOS_DEPLOYMENT_TARGET = 17.0;
				MTL_ENABLE_DEBUG_INFO = INCLUDE_SOURCE;
				ONLY_ACTIVE_ARCH = YES;
				SDKROOT = iphoneos;
				SWIFT_ACTIVE_COMPILATION_CONDITIONS = "$(inherited) DEBUG";
				SWIFT_OPTIMIZATION_LEVEL = "-Onone";
			};
			name = Debug;
		};
		A80004 /* Release */ = {
			isa = XCBuildConfiguration;
			buildSettings = {
				ALWAYS_SEARCH_USER_PATHS = NO;
				ASSETCATALOG_COMPILER_GENERATE_SWIFT_ASSET_SYMBOL_EXTENSIONS = YES;
				CLANG_ANALYZER_NONNULL = YES;
				CLANG_CXX_LANGUAGE_STANDARD = "gnu++20";
				CLANG_ENABLE_MODULES = YES;
				CLANG_ENABLE_OBJC_ARC = YES;
				COPY_PHASE_STRIP = NO;
				DEBUG_INFORMATION_FORMAT = "dwarf-with-dsym";
				ENABLE_NS_ASSERTIONS = NO;
				ENABLE_STRICT_OBJC_MSGSEND = YES;
				GCC_WARN_ABOUT_RETURN_TYPE = YES_ERROR;
				GCC_WARN_UNINITIALIZED_AUTOS = YES_AGGRESSIVE;
				IPHONEOS_DEPLOYMENT_TARGET = 17.0;
				MTL_ENABLE_DEBUG_INFO = NO;
				SDKROOT = iphoneos;
				SWIFT_COMPILATION_MODE = wholemodule;
				VALIDATE_PRODUCT = YES;
			};
			name = Release;
		};
		A80005 /* Debug */ = {
			isa = XCBuildConfiguration;
			buildSettings = {
				ASSETCATALOG_COMPILER_APPICON_NAME = AppIcon;
				ASSETCATALOG_COMPILER_GLOBAL_ACCENT_COLOR_NAME = AccentColor;
				CODE_SIGN_ENTITLEMENTS = ThinkFlow/ThinkFlow.entitlements;
				CODE_SIGN_STYLE = Automatic;
				CURRENT_PROJECT_VERSION = 1;
				DEVELOPMENT_ASSET_PATHS = "\"ThinkFlow/Preview Content\"";
				DEVELOPMENT_TEAM = QGAQ3AY3R3;
				ENABLE_PREVIEWS = YES;
				GENERATE_INFOPLIST_FILE = YES;
				INFOPLIST_FILE = ThinkFlow/Info.plist;
				INFOPLIST_KEY_CFBundleDisplayName = "이어생각";
				INFOPLIST_KEY_UIApplicationSceneManifest_Generation = YES;
				INFOPLIST_KEY_UIApplicationSupportsIndirectInputEvents = YES;
				INFOPLIST_KEY_UILaunchScreen_Generation = YES;
				INFOPLIST_KEY_UISupportedInterfaceOrientations_iPad = "UIInterfaceOrientationPortrait UIInterfaceOrientationPortraitUpsideDown UIInterfaceOrientationLandscapeLeft UIInterfaceOrientationLandscapeRight";
				INFOPLIST_KEY_UISupportedInterfaceOrientations_iPhone = "UIInterfaceOrientationPortrait UIInterfaceOrientationLandscapeLeft UIInterfaceOrientationLandscapeRight";
				LD_RUNPATH_SEARCH_PATHS = (
					"$(inherited)",
					"@executable_path/Frameworks",
				);
				MARKETING_VERSION = 1.0;
				PRODUCT_BUNDLE_IDENTIFIER = com.leeo.thinkflow;
				PRODUCT_NAME = "$(TARGET_NAME)";
				SUPPORTED_PLATFORMS = "iphoneos iphonesimulator";
				SUPPORTS_MACCATALYST = NO;
				SWIFT_EMIT_LOC_STRINGS = YES;
				SWIFT_VERSION = 5.0;
				TARGETED_DEVICE_FAMILY = 1;
			};
			name = Debug;
		};
		A80006 /* Release */ = {
			isa = XCBuildConfiguration;
			buildSettings = {
				ASSETCATALOG_COMPILER_APPICON_NAME = AppIcon;
				ASSETCATALOG_COMPILER_GLOBAL_ACCENT_COLOR_NAME = AccentColor;
				CODE_SIGN_ENTITLEMENTS = ThinkFlow/ThinkFlow.entitlements;
				CODE_SIGN_STYLE = Automatic;
				CURRENT_PROJECT_VERSION = 1;
				DEVELOPMENT_ASSET_PATHS = "\"ThinkFlow/Preview Content\"";
				DEVELOPMENT_TEAM = QGAQ3AY3R3;
				ENABLE_PREVIEWS = YES;
				GENERATE_INFOPLIST_FILE = YES;
				INFOPLIST_FILE = ThinkFlow/Info.plist;
				INFOPLIST_KEY_CFBundleDisplayName = "이어생각";
				INFOPLIST_KEY_UIApplicationSceneManifest_Generation = YES;
				INFOPLIST_KEY_UIApplicationSupportsIndirectInputEvents = YES;
				INFOPLIST_KEY_UILaunchScreen_Generation = YES;
				INFOPLIST_KEY_UISupportedInterfaceOrientations_iPad = "UIInterfaceOrientationPortrait UIInterfaceOrientationPortraitUpsideDown UIInterfaceOrientationLandscapeLeft UIInterfaceOrientationLandscapeRight";
				INFOPLIST_KEY_UISupportedInterfaceOrientations_iPhone = "UIInterfaceOrientationPortrait UIInterfaceOrientationLandscapeLeft UIInterfaceOrientationLandscapeRight";
				LD_RUNPATH_SEARCH_PATHS = (
					"$(inherited)",
					"@executable_path/Frameworks",
				);
				MARKETING_VERSION = 1.0;
				PRODUCT_BUNDLE_IDENTIFIER = com.leeo.thinkflow;
				PRODUCT_NAME = "$(TARGET_NAME)";
				SUPPORTED_PLATFORMS = "iphoneos iphonesimulator";
				SUPPORTS_MACCATALYST = NO;
				SWIFT_EMIT_LOC_STRINGS = YES;
				SWIFT_VERSION = 5.0;
				TARGETED_DEVICE_FAMILY = 1;
			};
			name = Release;
		};
		C60001 /* Debug */ = {
			isa = XCBuildConfiguration;
			buildSettings = {
				BUNDLE_LOADER = "$(TEST_HOST)";
				CODE_SIGN_STYLE = Automatic;
				CURRENT_PROJECT_VERSION = 1;
				DEVELOPMENT_TEAM = QGAQ3AY3R3;
				GENERATE_INFOPLIST_FILE = YES;
				IPHONEOS_DEPLOYMENT_TARGET = 17.0;
				MARKETING_VERSION = 1.0;
				PRODUCT_BUNDLE_IDENTIFIER = com.leeo.thinkflow.tests;
				PRODUCT_NAME = "$(TARGET_NAME)";
				SWIFT_ACTIVE_COMPILATION_CONDITIONS = "DEBUG $(inherited)";
				SWIFT_EMIT_LOC_STRINGS = NO;
				SWIFT_VERSION = 5.0;
				TARGETED_DEVICE_FAMILY = "1,2";
				TEST_HOST = "$(BUILT_PRODUCTS_DIR)/ThinkFlow.app/$(BUNDLE_EXECUTABLE_FOLDER_PATH)/ThinkFlow";
			};
			name = Debug;
		};
		C60002 /* Release */ = {
			isa = XCBuildConfiguration;
			buildSettings = {
				BUNDLE_LOADER = "$(TEST_HOST)";
				CODE_SIGN_STYLE = Automatic;
				CURRENT_PROJECT_VERSION = 1;
				DEVELOPMENT_TEAM = QGAQ3AY3R3;
				GENERATE_INFOPLIST_FILE = YES;
				IPHONEOS_DEPLOYMENT_TARGET = 17.0;
				MARKETING_VERSION = 1.0;
				PRODUCT_BUNDLE_IDENTIFIER = com.leeo.thinkflow.tests;
				PRODUCT_NAME = "$(TARGET_NAME)";
				SWIFT_EMIT_LOC_STRINGS = NO;
				SWIFT_VERSION = 5.0;
				TARGETED_DEVICE_FAMILY = "1,2";
				TEST_HOST = "$(BUILT_PRODUCTS_DIR)/ThinkFlow.app/$(BUNDLE_EXECUTABLE_FOLDER_PATH)/ThinkFlow";
			};
			name = Release;
		};
/* End XCBuildConfiguration section */

/* Begin XCConfigurationList section */
		581D87272F48C84100F2F032 /* Build configuration list for PBXNativeTarget "widgetExtension" */ = {
			isa = XCConfigurationList;
			buildConfigurations = (
				581D87282F48C84100F2F032 /* Debug */,
				581D87292F48C84100F2F032 /* Release */,
			);
			defaultConfigurationIsVisible = 0;
			defaultConfigurationName = Release;
		};
		A80001 /* Build configuration list for PBXProject "ThinkFlow" */ = {
			isa = XCConfigurationList;
			buildConfigurations = (
				A80003 /* Debug */,
				A80004 /* Release */,
			);
			defaultConfigurationIsVisible = 0;
			defaultConfigurationName = Release;
		};
		A80002 /* Build configuration list for PBXNativeTarget "ThinkFlow" */ = {
			isa = XCConfigurationList;
			buildConfigurations = (
				A80005 /* Debug */,
				A80006 /* Release */,
			);
			defaultConfigurationIsVisible = 0;
			defaultConfigurationName = Release;
		};
		C30001 /* Build configuration list for PBXNativeTarget "ThinkFlowTests" */ = {
			isa = XCConfigurationList;
			buildConfigurations = (
				C60001 /* Debug */,
				C60002 /* Release */,
			);
			defaultConfigurationIsVisible = 0;
			defaultConfigurationName = Release;
		};
/* End XCConfigurationList section */

/* Begin XCLocalSwiftPackageReference section */
		8879F15D0471109BF9AABFBD /* XCLocalSwiftPackageReference "LeeoKit" */ = {
			isa = XCLocalSwiftPackageReference;
			relativePath = ../LeeoKit;
		};
/* End XCLocalSwiftPackageReference section */

/* Begin XCSwiftPackageProductDependency section */
		6EDA9A655C6050BC5BBD4DC5 /* LeeoKit */ = {
			isa = XCSwiftPackageProductDependency;
			package = 8879F15D0471109BF9AABFBD /* XCLocalSwiftPackageReference "LeeoKit" */;
			productName = LeeoKit;
		};
/* End XCSwiftPackageProductDependency section */
	};
	rootObject = A60002 /* Project object */;
}
